
Microsoft Visual Studio Solution File, Format Version 12.00
# Visual Studio Version 16
VisualStudioVersion = 16.0.32002.261
MinimumVisualStudioVersion = 10.0.40219.1
Project("{8BC9CEB8-8B4A-11D0-8D11-00A0C91BC942}") = "ch02_04", "ch02_4\ch02_4.vcxproj", "{41624D75-10AD-44E9-98A1-0E07CDFE4E9E}"
EndProject
Project("{8BC9CEB8-8B4A-11D0-8D11-00A0C91BC942}") = "ch02_05", "ch02_05\ch02_05.vcxproj", "{269758E8-E3D9-45B4-BCF6-CCE2C15FEEF7}"
EndProject
Global
	GlobalSection(SolutionConfigurationPlatforms) = preSolution
		Debug|x64 = Debug|x64
		Debug|x86 = Debug|x86
		Release|x64 = Release|x64
		Release|x86 = Release|x86
	EndGlobalSection
	GlobalSection(ProjectConfigurationPlatforms) = postSolution
		{41624D75-10AD-44E9-98A1-0E07CDFE4E9E}.Debug|x64.ActiveCfg = Debug|x64
		{41624D75-10AD-44E9-98A1-0E07CDFE4E9E}.Debug|x64.Build.0 = Debug|x64
		{41624D75-10AD-44E9-98A1-0E07CDFE4E9E}.Debug|x86.ActiveCfg = Debug|Win32
		{41624D75-10AD-44E9-98A1-0E07CDFE4E9E}.Debug|x86.Build.0 = Debug|Win32
		{41624D75-10AD-44E9-98A1-0E07CDFE4E9E}.Release|x64.ActiveCfg = Release|x64
		{41624D75-10AD-44E9-98A1-0E07CDFE4E9E}.Release|x64.Build.0 = Release|x64
		{41624D75-10AD-44E9-98A1-0E07CDFE4E9E}.Release|x86.ActiveCfg = Release|Win32
		{41624D75-10AD-44E9-98A1-0E07CDFE4E9E}.Release|x86.Build.0 = Release|Win32
		{269758E8-E3D9-45B4-BCF6-CCE2C15FEEF7}.Debug|x64.ActiveCfg = Debug|x64
		{269758E8-E3D9-45B4-BCF6-CCE2C15FEEF7}.Debug|x64.Build.0 = Debug|x64
		{269758E8-E3D9-45B4-BCF6-CCE2C15FEEF7}.Debug|x86.ActiveCfg = Debug|Win32
		{269758E8-E3D9-45B4-BCF6-CCE2C15FEEF7}.Debug|x86.Build.0 = Debug|Win32
		{269758E8-E3D9-45B4-BCF6-CCE2C15FEEF7}.Release|x64.ActiveCfg = Release|x64
		{269758E8-E3D9-45B4-BCF6-CCE2C15FEEF7}.Release|x64.Build.0 = Release|x64
		{269758E8-E3D9-45B4-BCF6-CCE2C15FEEF7}.Release|x86.ActiveCfg = Release|Win32
		{269758E8-E3D9-45B4-BCF6-CCE2C15FEEF7}.Release|x86.Build.0 = Release|Win32
	EndGlobalSection
	GlobalSection(SolutionProperties) = preSolution
		HideSolutionNode = FALSE
	EndGlobalSection
	GlobalSection(ExtensibilityGlobals) = postSolution
		SolutionGuid = {C9E11E9B-135B-4676-B3BD-912A8493A7B6}
	EndGlobalSection
EndGlobal
